
Microsoft Visual Studio Solution File, Format Version 12.00
# Visual Studio Version 16
VisualStudioVersion = 16.0.30717.126
MinimumVisualStudioVersion = 10.0.40219.1
Project("{FAE04EC0-301F-11D3-BF4B-00C04F79EFBC}") = "Day01", "Day01\Day01.csproj", "{44557741-B258-4D74-A001-84BF760B004D}"
EndProject
Project("{FAE04EC0-301F-11D3-BF4B-00C04F79EFBC}") = "Day02", "Day02\Day02.csproj", "{3CB126D8-7B29-4D74-BE4C-26E46A3534C9}"
EndProject
Global
	GlobalSection(SolutionConfigurationPlatforms) = preSolution
		Debug|Any CPU = Debug|Any CPU
		Release|Any CPU = Release|Any CPU
	EndGlobalSection
	GlobalSection(ProjectConfigurationPlatforms) = postSolution
		{44557741-B258-4D74-A001-84BF760B004D}.Debug|Any CPU.ActiveCfg = Debug|Any CPU
		{44557741-B258-4D74-A001-84BF760B004D}.Debug|Any CPU.Build.0 = Debug|Any CPU
		{44557741-B258-4D74-A001-84BF760B004D}.Release|Any CPU.ActiveCfg = Release|Any CPU
		{44557741-B258-4D74-A001-84BF760B004D}.Release|Any CPU.Build.0 = Release|Any CPU
		{3CB126D8-7B29-4D74-BE4C-26E46A3534C9}.Debug|Any CPU.ActiveCfg = Debug|Any CPU
		{3CB126D8-7B29-4D74-BE4C-26E46A3534C9}.Debug|Any CPU.Build.0 = Debug|Any CPU
		{3CB126D8-7B29-4D74-BE4C-26E46A3534C9}.Release|Any CPU.ActiveCfg = Release|Any CPU
		{3CB126D8-7B29-4D74-BE4C-26E46A3534C9}.Release|Any CPU.Build.0 = Release|Any CPU
	EndGlobalSection
	GlobalSection(SolutionProperties) = preSolution
		HideSolutionNode = FALSE
	EndGlobalSection
	GlobalSection(ExtensibilityGlobals) = postSolution
		SolutionGuid = {62EF65FD-4A1B-4B81-9891-0FCFE37FA57F}
	EndGlobalSection
EndGlobal
